
Microsoft Visual Studio Solution File, Format Version 12.00
# Visual Studio Version 16
VisualStudioVersion = 16.0.31729.503
MinimumVisualStudioVersion = 10.0.40219.1
Project("{FAE04EC0-301F-11D3-BF4B-00C04F79EFBC}") = "ClientServereNetworking", "ClientServereNetworking.csproj", "{5F3C1F1F-835E-471C-91E0-B04161E2B3DD}"
EndProject
Global
	GlobalSection(SolutionConfigurationPlatforms) = preSolution
		Debug|Any CPU = Debug|Any CPU
		Release|Any CPU = Release|Any CPU
	EndGlobalSection
	GlobalSection(ProjectConfigurationPlatforms) = postSolution
		{5F3C1F1F-835E-471C-91E0-B04161E2B3DD}.Debug|Any CPU.ActiveCfg = Debug|Any CPU
		{5F3C1F1F-835E-471C-91E0-B04161E2B3DD}.Debug|Any CPU.Build.0 = Debug|Any CPU
		{5F3C1F1F-835E-471C-91E0-B04161E2B3DD}.Release|Any CPU.ActiveCfg = Release|Any CPU
		{5F3C1F1F-835E-471C-91E0-B04161E2B3DD}.Release|Any CPU.Build.0 = Release|Any CPU
	EndGlobalSection
	GlobalSection(SolutionProperties) = preSolution
		HideSolutionNode = FALSE
	EndGlobalSection
	GlobalSection(ExtensibilityGlobals) = postSolution
		SolutionGuid = {AE7D9D05-FCF7-4D3B-A8FC-3896D5AE6F81}
	EndGlobalSection
EndGlobal
