
Microsoft Visual Studio Solution File, Format Version 12.00
# Visual Studio Version 16
VisualStudioVersion = 16.0.31729.503
MinimumVisualStudioVersion = 10.0.40219.1
Project("{FAE04EC0-301F-11D3-BF4B-00C04F79EFBC}") = "HTTPRequestAndResponse", "HTTPRequestAndResponse.csproj", "{121D023C-D1F0-485F-BFCE-2FD33E1CFC61}"
EndProject
Global
	GlobalSection(SolutionConfigurationPlatforms) = preSolution
		Debug|Any CPU = Debug|Any CPU
		Release|Any CPU = Release|Any CPU
	EndGlobalSection
	GlobalSection(ProjectConfigurationPlatforms) = postSolution
		{121D023C-D1F0-485F-BFCE-2FD33E1CFC61}.Debug|Any CPU.ActiveCfg = Debug|Any CPU
		{121D023C-D1F0-485F-BFCE-2FD33E1CFC61}.Debug|Any CPU.Build.0 = Debug|Any CPU
		{121D023C-D1F0-485F-BFCE-2FD33E1CFC61}.Release|Any CPU.ActiveCfg = Release|Any CPU
		{121D023C-D1F0-485F-BFCE-2FD33E1CFC61}.Release|Any CPU.Build.0 = Release|Any CPU
	EndGlobalSection
	GlobalSection(SolutionProperties) = preSolution
		HideSolutionNode = FALSE
	EndGlobalSection
	GlobalSection(ExtensibilityGlobals) = postSolution
		SolutionGuid = {AEC8D850-62F7-489E-AEAE-8003266E13E8}
	EndGlobalSection
EndGlobal
